{
    "version": 3,
    "terraform_version": "0.11.13",
    "serial": 10,
    "lineage": "02808d7d-2966-7fdd-dc2f-9a627afa60f0",
    "modules": [
        {
            "path": [
                "root"
            ],
            "outputs": {},
            "resources": {
                "aws_vpc.main": {
                    "type": "aws_vpc",
                    "depends_on": [],
                    "primary": {
                        "id": "vpc-059ca98387e0f0508",
                        "attributes": {
                            "arn": "arn:aws:ec2:us-east-1:496840008302:vpc/vpc-059ca98387e0f0508",
                            "assign_generated_ipv6_cidr_block": "false",
                            "cidr_block": "10.0.0.0/16",
                            "default_network_acl_id": "acl-0758a8db6ac61b62a",
                            "default_route_table_id": "rtb-08286c169dd8664ad",
                            "default_security_group_id": "sg-004f789f366a5e69a",
                            "dhcp_options_id": "dopt-001fa94fea02c3719",
                            "enable_classiclink": "false",
                            "enable_classiclink_dns_support": "false",
                            "enable_dns_hostnames": "false",
                            "enable_dns_support": "true",
                            "id": "vpc-059ca98387e0f0508",
                            "instance_tenancy": "default",
                            "ipv6_association_id": "",
                            "ipv6_cidr_block": "",
                            "main_route_table_id": "rtb-08286c169dd8664ad",
                            "owner_id": "496840008302",
                            "tags.%": "0"
                        },
                        "meta": {
                            "schema_version": "1"
                        },
                        "tainted": false
                    },
                    "deposed": [],
                    "provider": "provider.aws"
                }
            },
            "depends_on": []
        }
    ]
}
